
Microsoft Visual Studio Solution File, Format Version 12.00
# Visual Studio 15
VisualStudioVersion = 15.0.27130.2010
MinimumVisualStudioVersion = 10.0.40219.1
Project("{FAE04EC0-301F-11D3-BF4B-00C04F79EFBC}") = "Tuple", "Tuple.csproj", "{3135E055-61A8-452B-A76D-226F5CEBB4D2}"
EndProject
Global
	GlobalSection(SolutionConfigurationPlatforms) = preSolution
		Debug|Any CPU = Debug|Any CPU
		Release|Any CPU = Release|Any CPU
	EndGlobalSection
	GlobalSection(ProjectConfigurationPlatforms) = postSolution
		{3135E055-61A8-452B-A76D-226F5CEBB4D2}.Debug|Any CPU.ActiveCfg = Debug|Any CPU
		{3135E055-61A8-452B-A76D-226F5CEBB4D2}.Debug|Any CPU.Build.0 = Debug|Any CPU
		{3135E055-61A8-452B-A76D-226F5CEBB4D2}.Release|Any CPU.ActiveCfg = Release|Any CPU
		{3135E055-61A8-452B-A76D-226F5CEBB4D2}.Release|Any CPU.Build.0 = Release|Any CPU
	EndGlobalSection
	GlobalSection(SolutionProperties) = preSolution
		HideSolutionNode = FALSE
	EndGlobalSection
	GlobalSection(ExtensibilityGlobals) = postSolution
		SolutionGuid = {847AD6B0-1DCF-4AB6-87A6-97FFA0B928F7}
	EndGlobalSection
EndGlobal
