
Microsoft Visual Studio Solution File, Format Version 12.00
# Visual Studio 15
VisualStudioVersion = 15.0.27130.2010
MinimumVisualStudioVersion = 10.0.40219.1
Project("{FAE04EC0-301F-11D3-BF4B-00C04F79EFBC}") = "ThrowExpression", "ThrowExpression.csproj", "{9F015D31-AB0F-41DF-87AD-3A7D6B5B3BE0}"
EndProject
Global
	GlobalSection(SolutionConfigurationPlatforms) = preSolution
		Debug|Any CPU = Debug|Any CPU
		Release|Any CPU = Release|Any CPU
	EndGlobalSection
	GlobalSection(ProjectConfigurationPlatforms) = postSolution
		{9F015D31-AB0F-41DF-87AD-3A7D6B5B3BE0}.Debug|Any CPU.ActiveCfg = Debug|Any CPU
		{9F015D31-AB0F-41DF-87AD-3A7D6B5B3BE0}.Debug|Any CPU.Build.0 = Debug|Any CPU
		{9F015D31-AB0F-41DF-87AD-3A7D6B5B3BE0}.Release|Any CPU.ActiveCfg = Release|Any CPU
		{9F015D31-AB0F-41DF-87AD-3A7D6B5B3BE0}.Release|Any CPU.Build.0 = Release|Any CPU
	EndGlobalSection
	GlobalSection(SolutionProperties) = preSolution
		HideSolutionNode = FALSE
	EndGlobalSection
	GlobalSection(ExtensibilityGlobals) = postSolution
		SolutionGuid = {90441C83-5C0C-47B9-802C-A2CA3A72BDC5}
	EndGlobalSection
EndGlobal
